{
  "name": "@julianfrank/opensource",
  "version": "24.7.6",
  "lockfileVersion": 3,
  "requires": true,
  "packages": {
    "": {
      "name": "@julianfrank/opensource",
      "version": "24.7.6",
      "license": "ISC",
      "workspaces": [
        "packages/beercss-mode-switch"
      ]
    },
    "node_modules/beercss-mode-switch": {
      "resolved": "packages/beercss-mode-switch",
      "link": true
    },
    "packages/beercss-mode-switch": {
      "version": "2024.7.9",
      "license": "ISC"
    }
  }
}
